
Microsoft Visual Studio Solution File, Format Version 12.00
# Visual Studio Version 17
VisualStudioVersion = 17.9.34622.214
MinimumVisualStudioVersion = 10.0.40219.1
Project("{FAE04EC0-301F-11D3-BF4B-00C04F79EFBC}") = "AjaxProject", "AjaxProject\AjaxProject.csproj", "{5C10B673-0A29-4E2B-AF8B-D56F699C27C6}"
EndProject
Global
	GlobalSection(SolutionConfigurationPlatforms) = preSolution
		Debug|Any CPU = Debug|Any CPU
		Release|Any CPU = Release|Any CPU
	EndGlobalSection
	GlobalSection(ProjectConfigurationPlatforms) = postSolution
		{5C10B673-0A29-4E2B-AF8B-D56F699C27C6}.Debug|Any CPU.ActiveCfg = Debug|Any CPU
		{5C10B673-0A29-4E2B-AF8B-D56F699C27C6}.Debug|Any CPU.Build.0 = Debug|Any CPU
		{5C10B673-0A29-4E2B-AF8B-D56F699C27C6}.Release|Any CPU.ActiveCfg = Release|Any CPU
		{5C10B673-0A29-4E2B-AF8B-D56F699C27C6}.Release|Any CPU.Build.0 = Release|Any CPU
	EndGlobalSection
	GlobalSection(SolutionProperties) = preSolution
		HideSolutionNode = FALSE
	EndGlobalSection
	GlobalSection(ExtensibilityGlobals) = postSolution
		SolutionGuid = {B6B563D7-9D91-4C2B-9AB3-ADD9D69B5327}
	EndGlobalSection
EndGlobal
